
Microsoft Visual Studio Solution File, Format Version 12.00
# Visual Studio Version 17
VisualStudioVersion = 17.5.33516.290
MinimumVisualStudioVersion = 10.0.40219.1
Project("{FAE04EC0-301F-11D3-BF4B-00C04F79EFBC}") = "BTLQuanLyKhachSan", "BTLQuanLyKhachSan\BTLQuanLyKhachSan.csproj", "{E96398DB-AECC-4A03-B035-E7113B3EAF2E}"
EndProject
Global
	GlobalSection(SolutionConfigurationPlatforms) = preSolution
		Debug|Any CPU = Debug|Any CPU
		Release|Any CPU = Release|Any CPU
	EndGlobalSection
	GlobalSection(ProjectConfigurationPlatforms) = postSolution
		{E96398DB-AECC-4A03-B035-E7113B3EAF2E}.Debug|Any CPU.ActiveCfg = Debug|Any CPU
		{E96398DB-AECC-4A03-B035-E7113B3EAF2E}.Debug|Any CPU.Build.0 = Debug|Any CPU
		{E96398DB-AECC-4A03-B035-E7113B3EAF2E}.Release|Any CPU.ActiveCfg = Release|Any CPU
		{E96398DB-AECC-4A03-B035-E7113B3EAF2E}.Release|Any CPU.Build.0 = Release|Any CPU
	EndGlobalSection
	GlobalSection(SolutionProperties) = preSolution
		HideSolutionNode = FALSE
	EndGlobalSection
	GlobalSection(ExtensibilityGlobals) = postSolution
		SolutionGuid = {0FCD69B5-630F-40AF-9AD7-C0810A07BE9D}
	EndGlobalSection
EndGlobal
